
Microsoft Visual Studio Solution File, Format Version 12.00
# Visual Studio Version 16
VisualStudioVersion = 16.0.30114.105
MinimumVisualStudioVersion = 10.0.40219.1
Project("{2150E333-8FDC-42A3-9474-1A3956D46DE8}") = "src", "src", "{6FE1F180-CB51-11EB-8DB3-F34EEC2CAD73}"
EndProject
Project("{2150E333-8FDC-42A3-9474-1A3956D46DE8}") = "test", "test", "{75452F70-CB51-11EB-8DB3-F34EEC2CAD73}"
EndProject
Project("{FAE04EC0-301F-11D3-BF4B-00C04F79EFBC}") = "SWSDK", "src\SWSDK\SWSDK.csproj", "{C7B5C4D0-8560-499D-ABE6-A217C5D4B089}"
EndProject
Project("{FAE04EC0-301F-11D3-BF4B-00C04F79EFBC}") = "SWSDK.Test", "test\SWSDK.Test\SWSDK.Test.csproj", "{FD77902E-82E5-44ED-B0AD-49E866843513}"
EndProject
Global
	GlobalSection(SolutionConfigurationPlatforms) = preSolution
		Debug|Any CPU = Debug|Any CPU
		Debug|x64 = Debug|x64
		Debug|x86 = Debug|x86
		Release|Any CPU = Release|Any CPU
		Release|x64 = Release|x64
		Release|x86 = Release|x86
	EndGlobalSection
	GlobalSection(SolutionProperties) = preSolution
		HideSolutionNode = FALSE
	EndGlobalSection
	GlobalSection(ProjectConfigurationPlatforms) = postSolution
		{C7B5C4D0-8560-499D-ABE6-A217C5D4B089}.Debug|Any CPU.ActiveCfg = Debug|Any CPU
		{C7B5C4D0-8560-499D-ABE6-A217C5D4B089}.Debug|Any CPU.Build.0 = Debug|Any CPU
		{C7B5C4D0-8560-499D-ABE6-A217C5D4B089}.Debug|x64.ActiveCfg = Debug|Any CPU
		{C7B5C4D0-8560-499D-ABE6-A217C5D4B089}.Debug|x64.Build.0 = Debug|Any CPU
		{C7B5C4D0-8560-499D-ABE6-A217C5D4B089}.Debug|x86.ActiveCfg = Debug|Any CPU
		{C7B5C4D0-8560-499D-ABE6-A217C5D4B089}.Debug|x86.Build.0 = Debug|Any CPU
		{C7B5C4D0-8560-499D-ABE6-A217C5D4B089}.Release|Any CPU.ActiveCfg = Release|Any CPU
		{C7B5C4D0-8560-499D-ABE6-A217C5D4B089}.Release|Any CPU.Build.0 = Release|Any CPU
		{C7B5C4D0-8560-499D-ABE6-A217C5D4B089}.Release|x64.ActiveCfg = Release|Any CPU
		{C7B5C4D0-8560-499D-ABE6-A217C5D4B089}.Release|x64.Build.0 = Release|Any CPU
		{C7B5C4D0-8560-499D-ABE6-A217C5D4B089}.Release|x86.ActiveCfg = Release|Any CPU
		{C7B5C4D0-8560-499D-ABE6-A217C5D4B089}.Release|x86.Build.0 = Release|Any CPU
		{FD77902E-82E5-44ED-B0AD-49E866843513}.Debug|Any CPU.ActiveCfg = Debug|Any CPU
		{FD77902E-82E5-44ED-B0AD-49E866843513}.Debug|Any CPU.Build.0 = Debug|Any CPU
		{FD77902E-82E5-44ED-B0AD-49E866843513}.Debug|x64.ActiveCfg = Debug|Any CPU
		{FD77902E-82E5-44ED-B0AD-49E866843513}.Debug|x64.Build.0 = Debug|Any CPU
		{FD77902E-82E5-44ED-B0AD-49E866843513}.Debug|x86.ActiveCfg = Debug|Any CPU
		{FD77902E-82E5-44ED-B0AD-49E866843513}.Debug|x86.Build.0 = Debug|Any CPU
		{FD77902E-82E5-44ED-B0AD-49E866843513}.Release|Any CPU.ActiveCfg = Release|Any CPU
		{FD77902E-82E5-44ED-B0AD-49E866843513}.Release|Any CPU.Build.0 = Release|Any CPU
		{FD77902E-82E5-44ED-B0AD-49E866843513}.Release|x64.ActiveCfg = Release|Any CPU
		{FD77902E-82E5-44ED-B0AD-49E866843513}.Release|x64.Build.0 = Release|Any CPU
		{FD77902E-82E5-44ED-B0AD-49E866843513}.Release|x86.ActiveCfg = Release|Any CPU
		{FD77902E-82E5-44ED-B0AD-49E866843513}.Release|x86.Build.0 = Release|Any CPU
	EndGlobalSection
	GlobalSection(NestedProjects) = preSolution
		{C7B5C4D0-8560-499D-ABE6-A217C5D4B089} = {6FE1F180-CB51-11EB-8DB3-F34EEC2CAD73}
		{FD77902E-82E5-44ED-B0AD-49E866843513} = {75452F70-CB51-11EB-8DB3-F34EEC2CAD73}
	EndGlobalSection
EndGlobal
