
Microsoft Visual Studio Solution File, Format Version 12.00
# Visual Studio Version 16
VisualStudioVersion = 16.0.30114.105
MinimumVisualStudioVersion = 10.0.40219.1
Project("{2150E333-8FDC-42A3-9474-1A3956D46DE8}") = "src", "src", "{6FE1F180-CB51-11EB-8DB3-F34EEC2CAD73}"
EndProject
Project("{2150E333-8FDC-42A3-9474-1A3956D46DE8}") = "test", "test", "{75452F70-CB51-11EB-8DB3-F34EEC2CAD73}"
EndProject
Project("{FAE04EC0-301F-11D3-BF4B-00C04F79EFBC}") = "SWSDK", "src\SWSDK.csproj", "{0D5B22D3-441C-4320-BA8E-DDA3F05185DA}"
EndProject
Project("{FAE04EC0-301F-11D3-BF4B-00C04F79EFBC}") = "SWSDK.Test", "test\SWSDK.Test.csproj", "{B190BF90-D7FE-406B-A472-6ED987E6A1F1}"
EndProject
Global
	GlobalSection(SolutionConfigurationPlatforms) = preSolution
		Debug|Any CPU = Debug|Any CPU
		Debug|x64 = Debug|x64
		Debug|x86 = Debug|x86
		Release|Any CPU = Release|Any CPU
		Release|x64 = Release|x64
		Release|x86 = Release|x86
	EndGlobalSection
	GlobalSection(SolutionProperties) = preSolution
		HideSolutionNode = FALSE
	EndGlobalSection
	GlobalSection(ProjectConfigurationPlatforms) = postSolution
		{0D5B22D3-441C-4320-BA8E-DDA3F05185DA}.Debug|Any CPU.ActiveCfg = Debug|Any CPU
		{0D5B22D3-441C-4320-BA8E-DDA3F05185DA}.Debug|Any CPU.Build.0 = Debug|Any CPU
		{0D5B22D3-441C-4320-BA8E-DDA3F05185DA}.Debug|x64.ActiveCfg = Debug|Any CPU
		{0D5B22D3-441C-4320-BA8E-DDA3F05185DA}.Debug|x64.Build.0 = Debug|Any CPU
		{0D5B22D3-441C-4320-BA8E-DDA3F05185DA}.Debug|x86.ActiveCfg = Debug|Any CPU
		{0D5B22D3-441C-4320-BA8E-DDA3F05185DA}.Debug|x86.Build.0 = Debug|Any CPU
		{0D5B22D3-441C-4320-BA8E-DDA3F05185DA}.Release|Any CPU.ActiveCfg = Release|Any CPU
		{0D5B22D3-441C-4320-BA8E-DDA3F05185DA}.Release|Any CPU.Build.0 = Release|Any CPU
		{0D5B22D3-441C-4320-BA8E-DDA3F05185DA}.Release|x64.ActiveCfg = Release|Any CPU
		{0D5B22D3-441C-4320-BA8E-DDA3F05185DA}.Release|x64.Build.0 = Release|Any CPU
		{0D5B22D3-441C-4320-BA8E-DDA3F05185DA}.Release|x86.ActiveCfg = Release|Any CPU
		{0D5B22D3-441C-4320-BA8E-DDA3F05185DA}.Release|x86.Build.0 = Release|Any CPU
		{B190BF90-D7FE-406B-A472-6ED987E6A1F1}.Debug|Any CPU.ActiveCfg = Debug|Any CPU
		{B190BF90-D7FE-406B-A472-6ED987E6A1F1}.Debug|Any CPU.Build.0 = Debug|Any CPU
		{B190BF90-D7FE-406B-A472-6ED987E6A1F1}.Debug|x64.ActiveCfg = Debug|Any CPU
		{B190BF90-D7FE-406B-A472-6ED987E6A1F1}.Debug|x64.Build.0 = Debug|Any CPU
		{B190BF90-D7FE-406B-A472-6ED987E6A1F1}.Debug|x86.ActiveCfg = Debug|Any CPU
		{B190BF90-D7FE-406B-A472-6ED987E6A1F1}.Debug|x86.Build.0 = Debug|Any CPU
		{B190BF90-D7FE-406B-A472-6ED987E6A1F1}.Release|Any CPU.ActiveCfg = Release|Any CPU
		{B190BF90-D7FE-406B-A472-6ED987E6A1F1}.Release|Any CPU.Build.0 = Release|Any CPU
		{B190BF90-D7FE-406B-A472-6ED987E6A1F1}.Release|x64.ActiveCfg = Release|Any CPU
		{B190BF90-D7FE-406B-A472-6ED987E6A1F1}.Release|x64.Build.0 = Release|Any CPU
		{B190BF90-D7FE-406B-A472-6ED987E6A1F1}.Release|x86.ActiveCfg = Release|Any CPU
		{B190BF90-D7FE-406B-A472-6ED987E6A1F1}.Release|x86.Build.0 = Release|Any CPU
	EndGlobalSection
	GlobalSection(NestedProjects) = preSolution
		{B190BF90-D7FE-406B-A472-6ED987E6A1F1} = {75452F70-CB51-11EB-8DB3-F34EEC2CAD73}
		{0D5B22D3-441C-4320-BA8E-DDA3F05185DA} = {6FE1F180-CB51-11EB-8DB3-F34EEC2CAD73}
	EndGlobalSection
EndGlobal
